<?xml version="1.0" encoding="utf-8"?>
<Project ToolsVersion="4.0" xmlns="http://schemas.microsoft.com/developer/msbuild/2003">
  <ItemGroup>
    <Filter Include="Externals">
      <UniqueIdentifier>{9713a720-75e4-4057-af98-af21c57bb260}</UniqueIdentifier>
    </Filter>
    <Filter Include="Externals\tinyxml">
      <UniqueIdentifier>{b25006fd-9bcd-44db-802c-3bf6acfc6b54}</UniqueIdentifier>
    </Filter>
    <Filter Include="Externals\tristripper">
      <UniqueIdentifier>{51bf87b8-82d5-4d7d-84c1-312bcf7ae699}</UniqueIdentifier>
    </Filter>
    <Filter Include="Externals\tristripper\detail">
      <UniqueIdentifier>{e55ac474-994d-487f-8926-b1f1f86a07cd}</UniqueIdentifier>
    </Filter>
    <Filter Include="Externals\libmspack">
      <UniqueIdentifier>{91bc0309-f0ae-4134-acc2-2a6405f6558a}</UniqueIdentifier>
    </Filter>
    <Filter Include="Externals\xxhash">
      <UniqueIdentifier>{53b3bc62-63e0-4b7f-8ae3-8443304a2fd0}</UniqueIdentifier>
    </Filter>
  </ItemGroup>
  <ItemGroup>
    <ClCompile Include="tinyxml\tinystr.cpp">
      <Filter>Externals\tinyxml</Filter>
    </ClCompile>
    <ClCompile Include="tinyxml\tinyxml.cpp">
      <Filter>Externals\tinyxml</Filter>
    </ClCompile>
    <ClCompile Include="tinyxml\tinyxmlerror.cpp">
      <Filter>Externals\tinyxml</Filter>
    </ClCompile>
    <ClCompile Include="tinyxml\tinyxmlparser.cpp">
      <Filter>Externals\tinyxml</Filter>
    </ClCompile>
    <ClCompile Include="tristripper\connectivity_graph.cpp">
      <Filter>Externals\tristripper</Filter>
    </ClCompile>
    <ClCompile Include="tristripper\policy.cpp">
      <Filter>Externals\tristripper</Filter>
    </ClCompile>
    <ClCompile Include="tristripper\tri_stripper.cpp">
      <Filter>Externals\tristripper</Filter>
    </ClCompile>
    <ClCompile Include="libmspack\lzxd.c">
      <Filter>Externals\libmspack</Filter>
    </ClCompile>
    <ClCompile Include="xxhash\xxhash.c">
      <Filter>Externals\xxhash</Filter>
    </ClCompile>
  </ItemGroup>
  <ItemGroup>
    <ClInclude Include="tinyxml\tinystr.h">
      <Filter>Externals\tinyxml</Filter>
    </ClInclude>
    <ClInclude Include="tinyxml\tinyxml.h">
      <Filter>Externals\tinyxml</Filter>
    </ClInclude>
    <ClInclude Include="tristripper\public_types.h">
      <Filter>Externals\tristripper</Filter>
    </ClInclude>
    <ClInclude Include="tristripper\tri_stripper.h">
      <Filter>Externals\tristripper</Filter>
    </ClInclude>
    <ClInclude Include="tristripper\detail\cache_simulator.h">
      <Filter>Externals\tristripper\detail</Filter>
    </ClInclude>
    <ClInclude Include="tristripper\detail\connectivity_graph.h">
      <Filter>Externals\tristripper\detail</Filter>
    </ClInclude>
    <ClInclude Include="tristripper\detail\graph_array.h">
      <Filter>Externals\tristripper\detail</Filter>
    </ClInclude>
    <ClInclude Include="tristripper\detail\heap_array.h">
      <Filter>Externals\tristripper\detail</Filter>
    </ClInclude>
    <ClInclude Include="tristripper\detail\policy.h">
      <Filter>Externals\tristripper\detail</Filter>
    </ClInclude>
    <ClInclude Include="tristripper\detail\types.h">
      <Filter>Externals\tristripper\detail</Filter>
    </ClInclude>
    <ClInclude Include="xxhash\xxhash.h">
      <Filter>Externals\xxhash</Filter>
    </ClInclude>
  </ItemGroup>
</Project>