<?xml version="1.0" encoding="utf-8"?>
<Project ToolsVersion="4.0" xmlns="http://schemas.microsoft.com/developer/msbuild/2003">
  <ItemGroup>
    <ClCompile Include="main.cpp" />
    <ClCompile Include="QtMocs.cpp" />
    <ClCompile Include="GIWindow.cpp" />
    <ClCompile Include="GIWindowConvert.cpp" />
    <ClCompile Include="QPowTwoSpinbox.cpp" />
  </ItemGroup>
  <ItemGroup>
    <CustomBuild Include="GIWindow.ui" />
    <CustomBuild Include="GIWindow.h" />
    <CustomBuild Include="GIResource.qrc" />
    <CustomBuild Include="QPowTwoSpinbox.h" />
  </ItemGroup>
  <ItemGroup>
    <ResourceCompile Include="Resource.rc" />
  </ItemGroup>
</Project>