
Microsoft Visual Studio Solution File, Format Version 11.00
# Visual C++ Express 2010
Project("{8BC9CEB8-8B4A-11D0-8D11-00A0C91BC942}") = "LibGens", "LibGens\LibGens.vcxproj", "{7A61FCB4-BD18-4C87-9346-751FC4BBD1DF}"
	ProjectSection(ProjectDependencies) = postProject
		{80648EFF-D4AE-45BD-8341-290AF2C99DA9} = {80648EFF-D4AE-45BD-8341-290AF2C99DA9}
	EndProjectSection
EndProject
Project("{8BC9CEB8-8B4A-11D0-8D11-00A0C91BC942}") = "bixfxml", "bixfxml\bixfxml.vcxproj", "{697B7480-6CA5-4C61-AE61-13EADCD514C9}"
	ProjectSection(ProjectDependencies) = postProject
		{7A61FCB4-BD18-4C87-9346-751FC4BBD1DF} = {7A61FCB4-BD18-4C87-9346-751FC4BBD1DF}
	EndProjectSection
EndProject
Project("{8BC9CEB8-8B4A-11D0-8D11-00A0C91BC942}") = "cmdtest", "cmdtest\cmdtest.vcxproj", "{E2D0098D-4E36-4DFA-87BD-C7FEDC5CD39E}"
	ProjectSection(ProjectDependencies) = postProject
		{7A61FCB4-BD18-4C87-9346-751FC4BBD1DF} = {7A61FCB4-BD18-4C87-9346-751FC4BBD1DF}
	EndProjectSection
EndProject
Project("{8BC9CEB8-8B4A-11D0-8D11-00A0C91BC942}") = "lightfield", "lightfield\lightfield.vcxproj", "{C3A83175-73C3-4EAD-BD1A-2DF401429C5A}"
	ProjectSection(ProjectDependencies) = postProject
		{7A61FCB4-BD18-4C87-9346-751FC4BBD1DF} = {7A61FCB4-BD18-4C87-9346-751FC4BBD1DF}
	EndProjectSection
EndProject
Project("{8BC9CEB8-8B4A-11D0-8D11-00A0C91BC942}") = "modelfbx", "modelfbx\modelfbx.vcxproj", "{D18A6373-2E87-4954-8040-14C5242F2ECB}"
	ProjectSection(ProjectDependencies) = postProject
		{7A61FCB4-BD18-4C87-9346-751FC4BBD1DF} = {7A61FCB4-BD18-4C87-9346-751FC4BBD1DF}
	EndProjectSection
EndProject
Project("{8BC9CEB8-8B4A-11D0-8D11-00A0C91BC942}") = "pacpack", "pacpack\pacpack.vcxproj", "{2F83B9EB-C2C2-46D5-9C91-B8CE05435F5C}"
	ProjectSection(ProjectDependencies) = postProject
		{7A61FCB4-BD18-4C87-9346-751FC4BBD1DF} = {7A61FCB4-BD18-4C87-9346-751FC4BBD1DF}
	EndProjectSection
EndProject
Project("{8BC9CEB8-8B4A-11D0-8D11-00A0C91BC942}") = "pfdpack", "pfdpack\pfdpack.vcxproj", "{E1CFB559-D467-4CB5-B287-AB465DC64F45}"
	ProjectSection(ProjectDependencies) = postProject
		{7A61FCB4-BD18-4C87-9346-751FC4BBD1DF} = {7A61FCB4-BD18-4C87-9346-751FC4BBD1DF}
	EndProjectSection
EndProject
Project("{8BC9CEB8-8B4A-11D0-8D11-00A0C91BC942}") = "SonicGLvl", "SonicGLvl\SonicGLvl.vcxproj", "{55DD04CA-EEE4-412A-B709-086EEA41CAA9}"
	ProjectSection(ProjectDependencies) = postProject
		{7A61FCB4-BD18-4C87-9346-751FC4BBD1DF} = {7A61FCB4-BD18-4C87-9346-751FC4BBD1DF}
	EndProjectSection
EndProject
Project("{8BC9CEB8-8B4A-11D0-8D11-00A0C91BC942}") = "LibGens-externals", "LibGens-externals\LibGens-externals.vcxproj", "{80648EFF-D4AE-45BD-8341-290AF2C99DA9}"
EndProject
Project("{8BC9CEB8-8B4A-11D0-8D11-00A0C91BC942}") = "LibS06", "LibS06\LibS06.vcxproj", "{0079F7ED-AD7D-4476-B627-2FCDB84F82FC}"
EndProject
Global
	GlobalSection(SolutionConfigurationPlatforms) = preSolution
		Debug|Win32 = Debug|Win32
		Release|Win32 = Release|Win32
	EndGlobalSection
	GlobalSection(ProjectConfigurationPlatforms) = postSolution
		{7A61FCB4-BD18-4C87-9346-751FC4BBD1DF}.Debug|Win32.ActiveCfg = Debug|Win32
		{7A61FCB4-BD18-4C87-9346-751FC4BBD1DF}.Debug|Win32.Build.0 = Debug|Win32
		{7A61FCB4-BD18-4C87-9346-751FC4BBD1DF}.Release|Win32.ActiveCfg = Release|Win32
		{7A61FCB4-BD18-4C87-9346-751FC4BBD1DF}.Release|Win32.Build.0 = Release|Win32
		{697B7480-6CA5-4C61-AE61-13EADCD514C9}.Debug|Win32.ActiveCfg = Debug|Win32
		{697B7480-6CA5-4C61-AE61-13EADCD514C9}.Debug|Win32.Build.0 = Debug|Win32
		{697B7480-6CA5-4C61-AE61-13EADCD514C9}.Release|Win32.ActiveCfg = Release|Win32
		{697B7480-6CA5-4C61-AE61-13EADCD514C9}.Release|Win32.Build.0 = Release|Win32
		{E2D0098D-4E36-4DFA-87BD-C7FEDC5CD39E}.Debug|Win32.ActiveCfg = Debug|Win32
		{E2D0098D-4E36-4DFA-87BD-C7FEDC5CD39E}.Debug|Win32.Build.0 = Debug|Win32
		{E2D0098D-4E36-4DFA-87BD-C7FEDC5CD39E}.Release|Win32.ActiveCfg = Release|Win32
		{E2D0098D-4E36-4DFA-87BD-C7FEDC5CD39E}.Release|Win32.Build.0 = Release|Win32
		{C3A83175-73C3-4EAD-BD1A-2DF401429C5A}.Debug|Win32.ActiveCfg = Debug|Win32
		{C3A83175-73C3-4EAD-BD1A-2DF401429C5A}.Debug|Win32.Build.0 = Debug|Win32
		{C3A83175-73C3-4EAD-BD1A-2DF401429C5A}.Release|Win32.ActiveCfg = Release|Win32
		{C3A83175-73C3-4EAD-BD1A-2DF401429C5A}.Release|Win32.Build.0 = Release|Win32
		{D18A6373-2E87-4954-8040-14C5242F2ECB}.Debug|Win32.ActiveCfg = Debug|Win32
		{D18A6373-2E87-4954-8040-14C5242F2ECB}.Debug|Win32.Build.0 = Debug|Win32
		{D18A6373-2E87-4954-8040-14C5242F2ECB}.Release|Win32.ActiveCfg = Release|Win32
		{D18A6373-2E87-4954-8040-14C5242F2ECB}.Release|Win32.Build.0 = Release|Win32
		{2F83B9EB-C2C2-46D5-9C91-B8CE05435F5C}.Debug|Win32.ActiveCfg = Debug|Win32
		{2F83B9EB-C2C2-46D5-9C91-B8CE05435F5C}.Debug|Win32.Build.0 = Debug|Win32
		{2F83B9EB-C2C2-46D5-9C91-B8CE05435F5C}.Release|Win32.ActiveCfg = Release|Win32
		{2F83B9EB-C2C2-46D5-9C91-B8CE05435F5C}.Release|Win32.Build.0 = Release|Win32
		{E1CFB559-D467-4CB5-B287-AB465DC64F45}.Debug|Win32.ActiveCfg = Debug|Win32
		{E1CFB559-D467-4CB5-B287-AB465DC64F45}.Debug|Win32.Build.0 = Debug|Win32
		{E1CFB559-D467-4CB5-B287-AB465DC64F45}.Release|Win32.ActiveCfg = Release|Win32
		{E1CFB559-D467-4CB5-B287-AB465DC64F45}.Release|Win32.Build.0 = Release|Win32
		{55DD04CA-EEE4-412A-B709-086EEA41CAA9}.Debug|Win32.ActiveCfg = Debug|Win32
		{55DD04CA-EEE4-412A-B709-086EEA41CAA9}.Debug|Win32.Build.0 = Debug|Win32
		{55DD04CA-EEE4-412A-B709-086EEA41CAA9}.Release|Win32.ActiveCfg = Release|Win32
		{55DD04CA-EEE4-412A-B709-086EEA41CAA9}.Release|Win32.Build.0 = Release|Win32
		{80648EFF-D4AE-45BD-8341-290AF2C99DA9}.Debug|Win32.ActiveCfg = Debug|Win32
		{80648EFF-D4AE-45BD-8341-290AF2C99DA9}.Debug|Win32.Build.0 = Debug|Win32
		{80648EFF-D4AE-45BD-8341-290AF2C99DA9}.Release|Win32.ActiveCfg = Release|Win32
		{80648EFF-D4AE-45BD-8341-290AF2C99DA9}.Release|Win32.Build.0 = Release|Win32
		{0079F7ED-AD7D-4476-B627-2FCDB84F82FC}.Debug|Win32.ActiveCfg = Debug|Win32
		{0079F7ED-AD7D-4476-B627-2FCDB84F82FC}.Debug|Win32.Build.0 = Debug|Win32
		{0079F7ED-AD7D-4476-B627-2FCDB84F82FC}.Release|Win32.ActiveCfg = Release|Win32
		{0079F7ED-AD7D-4476-B627-2FCDB84F82FC}.Release|Win32.Build.0 = Release|Win32
	EndGlobalSection
	GlobalSection(SolutionProperties) = preSolution
		HideSolutionNode = FALSE
	EndGlobalSection
EndGlobal
